
Microsoft Visual Studio Solution File, Format Version 12.00
# Visual Studio Version 17
VisualStudioVersion = 17.9.34701.34
MinimumVisualStudioVersion = 10.0.40219.1
Project("{FAE04EC0-301F-11D3-BF4B-00C04F79EFBC}") = "Тарасян из учебника гл 3.2", "Тарасян из учебника гл 3.2.csproj", "{411FAF65-D52F-47D3-ACC8-57C389C806E2}"
EndProject
Global
	GlobalSection(SolutionConfigurationPlatforms) = preSolution
		Debug|Any CPU = Debug|Any CPU
		Release|Any CPU = Release|Any CPU
	EndGlobalSection
	GlobalSection(ProjectConfigurationPlatforms) = postSolution
		{411FAF65-D52F-47D3-ACC8-57C389C806E2}.Debug|Any CPU.ActiveCfg = Debug|Any CPU
		{411FAF65-D52F-47D3-ACC8-57C389C806E2}.Debug|Any CPU.Build.0 = Debug|Any CPU
		{411FAF65-D52F-47D3-ACC8-57C389C806E2}.Release|Any CPU.ActiveCfg = Release|Any CPU
		{411FAF65-D52F-47D3-ACC8-57C389C806E2}.Release|Any CPU.Build.0 = Release|Any CPU
	EndGlobalSection
	GlobalSection(SolutionProperties) = preSolution
		HideSolutionNode = FALSE
	EndGlobalSection
	GlobalSection(ExtensibilityGlobals) = postSolution
		SolutionGuid = {DC725681-7E31-4096-A584-2B33192376A8}
	EndGlobalSection
EndGlobal
